PODS:
  - Alamofire (5.4.3)
  - DynamicJSON (2.0.2)

DEPENDENCIES:
  - Alamofire
  - DynamicJSON

SPEC REPOS:
  trunk:
    - Alamofire
    - DynamicJSON

SPEC CHECKSUMS:
  Alamofire: e447a2774a40c996748296fa2c55112fdbbc42f9
  DynamicJSON: fc0c5a82980ff8aa956156f04d84fcdb2822e875

PODFILE CHECKSUM: 6cc4ab6bd3094da93176d5de702f39a0bdeb973d

COCOAPODS: 1.10.1
