// !$*UTF8*$!
{
	archiveVersion = 1;
	classes = {
	};
	objectVersion = 51;
	objects = {

/* Begin PBXBuildFile section */
		1244B62126CAD74D00CA7360 /* Data+PrettyJSON.swift in Sources */ = {isa = PBXBuildFile; fileRef = 1244B62026CAD74D00CA7360 /* Data+PrettyJSON.swift */; };
		1244B62426CAD94100CA7360 /* Friend.swift in Sources */ = {isa = PBXBuildFile; fileRef = 1244B62326CAD94100CA7360 /* Friend.swift */; };
		1244B62626CAE31D00CA7360 /* FriendManual.swift in Sources */ = {isa = PBXBuildFile; fileRef = 1244B62526CAE31D00CA7360 /* FriendManual.swift */; };
		1244B62826CAE62D00CA7360 /* FriendDynamic.swift in Sources */ = {isa = PBXBuildFile; fileRef = 1244B62726CAE62D00CA7360 /* FriendDynamic.swift */; };
		1244B62A26CAE68300CA7360 /* GroupsAPI.swift in Sources */ = {isa = PBXBuildFile; fileRef = 1244B62926CAE68300CA7360 /* GroupsAPI.swift */; };
		1244B62C26CAE69800CA7360 /* PhotosAPI.swift in Sources */ = {isa = PBXBuildFile; fileRef = 1244B62B26CAE69800CA7360 /* PhotosAPI.swift */; };
		1244B63D26CECB3000CA7360 /* PersistencyViewController.swift in Sources */ = {isa = PBXBuildFile; fileRef = 1244B63C26CECB3000CA7360 /* PersistencyViewController.swift */; };
		1244B63F26CED4B300CA7360 /* User.swift in Sources */ = {isa = PBXBuildFile; fileRef = 1244B63E26CED4B300CA7360 /* User.swift */; };
		1244B66526CED6F700CA7360 /* coredatastack.xcdatamodeld in Sources */ = {isa = PBXBuildFile; fileRef = 1244B66326CED6F700CA7360 /* coredatastack.xcdatamodeld */; };
		1244B66926CED79800CA7360 /* Human+CoreDataClass.swift in Sources */ = {isa = PBXBuildFile; fileRef = 1244B66726CED79800CA7360 /* Human+CoreDataClass.swift */; };
		1244B66A26CED79800CA7360 /* Human+CoreDataProperties.swift in Sources */ = {isa = PBXBuildFile; fileRef = 1244B66826CED79800CA7360 /* Human+CoreDataProperties.swift */; };
		1257BBA326C19FAE00C90066 /* AppDelegate.swift in Sources */ = {isa = PBXBuildFile; fileRef = 1257BBA226C19FAE00C90066 /* AppDelegate.swift */; };
		1257BBA526C19FAE00C90066 /* SceneDelegate.swift in Sources */ = {isa = PBXBuildFile; fileRef = 1257BBA426C19FAE00C90066 /* SceneDelegate.swift */; };
		1257BBA726C19FAE00C90066 /* ViewController.swift in Sources */ = {isa = PBXBuildFile; fileRef = 1257BBA626C19FAE00C90066 /* ViewController.swift */; };
		1257BBAA26C19FAE00C90066 /* Main.storyboard in Resources */ = {isa = PBXBuildFile; fileRef = 1257BBA826C19FAE00C90066 /* Main.storyboard */; };
		1257BBAC26C19FB000C90066 /* Assets.xcassets in Resources */ = {isa = PBXBuildFile; fileRef = 1257BBAB26C19FB000C90066 /* Assets.xcassets */; };
		1257BBAF26C19FB000C90066 /* LaunchScreen.storyboard in Resources */ = {isa = PBXBuildFile; fileRef = 1257BBAD26C19FB000C90066 /* LaunchScreen.storyboard */; };
		1257BBBC26C1A4C800C90066 /* DetailViewController.swift in Sources */ = {isa = PBXBuildFile; fileRef = 1257BBBB26C1A4C800C90066 /* DetailViewController.swift */; };
		1257BBC126C1AAA400C90066 /* NotificationCenterViewController.swift in Sources */ = {isa = PBXBuildFile; fileRef = 1257BBC026C1AAA400C90066 /* NotificationCenterViewController.swift */; };
		1257BBC426C58EA200C90066 /* ChooseFruitViewController.swift in Sources */ = {isa = PBXBuildFile; fileRef = 1257BBC326C58EA200C90066 /* ChooseFruitViewController.swift */; };
		1257BBC826C58F2D00C90066 /* DisplayFruitsTableController.swift in Sources */ = {isa = PBXBuildFile; fileRef = 1257BBC726C58F2D00C90066 /* DisplayFruitsTableController.swift */; };
		1257BBCA26C590AA00C90066 /* Account.swift in Sources */ = {isa = PBXBuildFile; fileRef = 1257BBC926C590AA00C90066 /* Account.swift */; };
		1257BBCD26C5987F00C90066 /* NetworkingViewController.swift in Sources */ = {isa = PBXBuildFile; fileRef = 1257BBCC26C5987F00C90066 /* NetworkingViewController.swift */; };
		1257BBD126C5A2B400C90066 /* Session.swift in Sources */ = {isa = PBXBuildFile; fileRef = 1257BBD026C5A2B400C90066 /* Session.swift */; };
		1257BBD726C5A32500C90066 /* AuthViewController.swift in Sources */ = {isa = PBXBuildFile; fileRef = 1257BBD626C5A32500C90066 /* AuthViewController.swift */; };
		1257BBD926C5A34200C90066 /* DisplayFriendsViewController.swift in Sources */ = {isa = PBXBuildFile; fileRef = 1257BBD826C5A34200C90066 /* DisplayFriendsViewController.swift */; };
		1257BBDB26C5A86600C90066 /* FriendsAPI.swift in Sources */ = {isa = PBXBuildFile; fileRef = 1257BBDA26C5A86600C90066 /* FriendsAPI.swift */; };
		5D57C4658DBEC173B3E375C7 /* Pods_client_server_1436.framework in Frameworks */ = {isa = PBXBuildFile; fileRef = B4EBAE5AD55008553ECACA92 /* Pods_client_server_1436.framework */; };
/* End PBXBuildFile section */

/* Begin PBXFileReference section */
		1244B62026CAD74D00CA7360 /* Data+PrettyJSON.swift */ = {isa = PBXFileReference; lastKnownFileType = sourcecode.swift; path = "Data+PrettyJSON.swift"; sourceTree = "<group>"; };
		1244B62326CAD94100CA7360 /* Friend.swift */ = {isa = PBXFileReference; lastKnownFileType = sourcecode.swift; path = Friend.swift; sourceTree = "<group>"; };
		1244B62526CAE31D00CA7360 /* FriendManual.swift */ = {isa = PBXFileReference; lastKnownFileType = sourcecode.swift; path = FriendManual.swift; sourceTree = "<group>"; };
		1244B62726CAE62D00CA7360 /* FriendDynamic.swift */ = {isa = PBXFileReference; lastKnownFileType = sourcecode.swift; path = FriendDynamic.swift; sourceTree = "<group>"; };
		1244B62926CAE68300CA7360 /* GroupsAPI.swift */ = {isa = PBXFileReference; lastKnownFileType = sourcecode.swift; path = GroupsAPI.swift; sourceTree = "<group>"; };
		1244B62B26CAE69800CA7360 /* PhotosAPI.swift */ = {isa = PBXFileReference; lastKnownFileType = sourcecode.swift; path = PhotosAPI.swift; sourceTree = "<group>"; };
		1244B63C26CECB3000CA7360 /* PersistencyViewController.swift */ = {isa = PBXFileReference; lastKnownFileType = sourcecode.swift; path = PersistencyViewController.swift; sourceTree = "<group>"; };
		1244B63E26CED4B300CA7360 /* User.swift */ = {isa = PBXFileReference; lastKnownFileType = sourcecode.swift; path = User.swift; sourceTree = "<group>"; };
		1244B66426CED6F700CA7360 /* coredatastack.xcdatamodel */ = {isa = PBXFileReference; lastKnownFileType = wrapper.xcdatamodel; path = coredatastack.xcdatamodel; sourceTree = "<group>"; };
		1244B66726CED79800CA7360 /* Human+CoreDataClass.swift */ = {isa = PBXFileReference; fileEncoding = 4; lastKnownFileType = sourcecode.swift; path = "Human+CoreDataClass.swift"; sourceTree = SOURCE_ROOT; };
		1244B66826CED79800CA7360 /* Human+CoreDataProperties.swift */ = {isa = PBXFileReference; fileEncoding = 4; lastKnownFileType = sourcecode.swift; path = "Human+CoreDataProperties.swift"; sourceTree = SOURCE_ROOT; };
		1257BB9F26C19FAE00C90066 /* client-server-1436.app */ = {isa = PBXFileReference; explicitFileType = wrapper.application; includeInIndex = 0; path = "client-server-1436.app"; sourceTree = BUILT_PRODUCTS_DIR; };
		1257BBA226C19FAE00C90066 /* AppDelegate.swift */ = {isa = PBXFileReference; lastKnownFileType = sourcecode.swift; path = AppDelegate.swift; sourceTree = "<group>"; };
		1257BBA426C19FAE00C90066 /* SceneDelegate.swift */ = {isa = PBXFileReference; lastKnownFileType = sourcecode.swift; path = SceneDelegate.swift; sourceTree = "<group>"; };
		1257BBA626C19FAE00C90066 /* ViewController.swift */ = {isa = PBXFileReference; lastKnownFileType = sourcecode.swift; path = ViewController.swift; sourceTree = "<group>"; };
		1257BBA926C19FAE00C90066 /* Base */ = {isa = PBXFileReference; lastKnownFileType = file.storyboard; name = Base; path = Base.lproj/Main.storyboard; sourceTree = "<group>"; };
		1257BBAB26C19FB000C90066 /* Assets.xcassets */ = {isa = PBXFileReference; lastKnownFileType = folder.assetcatalog; path = Assets.xcassets; sourceTree = "<group>"; };
		1257BBAE26C19FB000C90066 /* Base */ = {isa = PBXFileReference; lastKnownFileType = file.storyboard; name = Base; path = Base.lproj/LaunchScreen.storyboard; sourceTree = "<group>"; };
		1257BBB026C19FB000C90066 /* Info.plist */ = {isa = PBXFileReference; lastKnownFileType = text.plist.xml; path = Info.plist; sourceTree = "<group>"; };
		1257BBBB26C1A4C800C90066 /* DetailViewController.swift */ = {isa = PBXFileReference; lastKnownFileType = sourcecode.swift; path = DetailViewController.swift; sourceTree = "<group>"; };
		1257BBBE26C1AA1000C90066 /* SendViewController.swift */ = {isa = PBXFileReference; lastKnownFileType = sourcecode.swift; path = SendViewController.swift; sourceTree = "<group>"; };
		1257BBC026C1AAA400C90066 /* NotificationCenterViewController.swift */ = {isa = PBXFileReference; lastKnownFileType = sourcecode.swift; path = NotificationCenterViewController.swift; sourceTree = "<group>"; };
		1257BBC326C58EA200C90066 /* ChooseFruitViewController.swift */ = {isa = PBXFileReference; lastKnownFileType = sourcecode.swift; path = ChooseFruitViewController.swift; sourceTree = "<group>"; };
		1257BBC726C58F2D00C90066 /* DisplayFruitsTableController.swift */ = {isa = PBXFileReference; lastKnownFileType = sourcecode.swift; path = DisplayFruitsTableController.swift; sourceTree = "<group>"; };
		1257BBC926C590AA00C90066 /* Account.swift */ = {isa = PBXFileReference; lastKnownFileType = sourcecode.swift; path = Account.swift; sourceTree = "<group>"; };
		1257BBCC26C5987F00C90066 /* NetworkingViewController.swift */ = {isa = PBXFileReference; lastKnownFileType = sourcecode.swift; path = NetworkingViewController.swift; sourceTree = "<group>"; };
		1257BBD026C5A2B400C90066 /* Session.swift */ = {isa = PBXFileReference; lastKnownFileType = sourcecode.swift; path = Session.swift; sourceTree = "<group>"; };
		1257BBD626C5A32500C90066 /* AuthViewController.swift */ = {isa = PBXFileReference; lastKnownFileType = sourcecode.swift; path = AuthViewController.swift; sourceTree = "<group>"; };
		1257BBD826C5A34200C90066 /* DisplayFriendsViewController.swift */ = {isa = PBXFileReference; lastKnownFileType = sourcecode.swift; path = DisplayFriendsViewController.swift; sourceTree = "<group>"; };
		1257BBDA26C5A86600C90066 /* FriendsAPI.swift */ = {isa = PBXFileReference; lastKnownFileType = sourcecode.swift; path = FriendsAPI.swift; sourceTree = "<group>"; };
		803141B3633E10DBD1C4BFA1 /* Pods-client-server-1436.debug.xcconfig */ = {isa = PBXFileReference; includeInIndex = 1; lastKnownFileType = text.xcconfig; name = "Pods-client-server-1436.debug.xcconfig"; path = "Target Support Files/Pods-client-server-1436/Pods-client-server-1436.debug.xcconfig"; sourceTree = "<group>"; };
		B4EBAE5AD55008553ECACA92 /* Pods_client_server_1436.framework */ = {isa = PBXFileReference; explicitFileType = wrapper.framework; includeInIndex = 0; path = Pods_client_server_1436.framework; sourceTree = BUILT_PRODUCTS_DIR; };
		F756D822FB9BD0D14AFAEDAA /* Pods-client-server-1436.release.xcconfig */ = {isa = PBXFileReference; includeInIndex = 1; lastKnownFileType = text.xcconfig; name = "Pods-client-server-1436.release.xcconfig"; path = "Target Support Files/Pods-client-server-1436/Pods-client-server-1436.release.xcconfig"; sourceTree = "<group>"; };
/* End PBXFileReference section */

/* Begin PBXFrameworksBuildPhase section */
		1257BB9C26C19FAE00C90066 /* Frameworks */ = {
			isa = PBXFrameworksBuildPhase;
			buildActionMask = 2147483647;
			files = (
				5D57C4658DBEC173B3E375C7 /* Pods_client_server_1436.framework in Frameworks */,
			);
			runOnlyForDeploymentPostprocessing = 0;
		};
/* End PBXFrameworksBuildPhase section */

/* Begin PBXGroup section */
		1244B61F26CAD70F00CA7360 /* Extension */ = {
			isa = PBXGroup;
			children = (
				1244B62026CAD74D00CA7360 /* Data+PrettyJSON.swift */,
			);
			path = Extension;
			sourceTree = "<group>";
		};
		1244B62226CAD8FC00CA7360 /* Models */ = {
			isa = PBXGroup;
			children = (
				1244B62326CAD94100CA7360 /* Friend.swift */,
				1244B62526CAE31D00CA7360 /* FriendManual.swift */,
				1244B62726CAE62D00CA7360 /* FriendDynamic.swift */,
			);
			path = Models;
			sourceTree = "<group>";
		};
		1244B63B26CECAAF00CA7360 /* lesson-4 */ = {
			isa = PBXGroup;
			children = (
				1244B66626CED78500CA7360 /* Models */,
				1244B63C26CECB3000CA7360 /* PersistencyViewController.swift */,
				1244B63E26CED4B300CA7360 /* User.swift */,
			);
			path = "lesson-4";
			sourceTree = "<group>";
		};
		1244B66626CED78500CA7360 /* Models */ = {
			isa = PBXGroup;
			children = (
				1244B66726CED79800CA7360 /* Human+CoreDataClass.swift */,
				1244B66826CED79800CA7360 /* Human+CoreDataProperties.swift */,
			);
			path = Models;
			sourceTree = "<group>";
		};
		1257BB9626C19FAE00C90066 = {
			isa = PBXGroup;
			children = (
				1257BBA126C19FAE00C90066 /* client-server-1436 */,
				1257BBA026C19FAE00C90066 /* Products */,
				5DA0E050F87AB876C8421821 /* Pods */,
				31C10C2DA8CD7511F4B8CBFC /* Frameworks */,
			);
			sourceTree = "<group>";
		};
		1257BBA026C19FAE00C90066 /* Products */ = {
			isa = PBXGroup;
			children = (
				1257BB9F26C19FAE00C90066 /* client-server-1436.app */,
			);
			name = Products;
			sourceTree = "<group>";
		};
		1257BBA126C19FAE00C90066 /* client-server-1436 */ = {
			isa = PBXGroup;
			children = (
				1257BBB626C1A20700C90066 /* App */,
				1257BBCE26C5A19500C90066 /* vk-api */,
				1257BBA626C19FAE00C90066 /* ViewController.swift */,
				1244B63B26CECAAF00CA7360 /* lesson-4 */,
				1257BBCB26C594D300C90066 /* lesson-2 */,
				1257BBB826C1A3C200C90066 /* lesson-1 */,
				1257BBB726C1A21A00C90066 /* Resources */,
			);
			path = "client-server-1436";
			sourceTree = "<group>";
		};
		1257BBB626C1A20700C90066 /* App */ = {
			isa = PBXGroup;
			children = (
				1257BBA226C19FAE00C90066 /* AppDelegate.swift */,
				1257BBA426C19FAE00C90066 /* SceneDelegate.swift */,
			);
			path = App;
			sourceTree = "<group>";
		};
		1257BBB726C1A21A00C90066 /* Resources */ = {
			isa = PBXGroup;
			children = (
				1257BBA826C19FAE00C90066 /* Main.storyboard */,
				1257BBAB26C19FB000C90066 /* Assets.xcassets */,
				1257BBAD26C19FB000C90066 /* LaunchScreen.storyboard */,
				1257BBB026C19FB000C90066 /* Info.plist */,
				1244B66326CED6F700CA7360 /* coredatastack.xcdatamodeld */,
			);
			path = Resources;
			sourceTree = "<group>";
		};
		1257BBB826C1A3C200C90066 /* lesson-1 */ = {
			isa = PBXGroup;
			children = (
				1257BBC226C58E0A00C90066 /* Delegate */,
				1257BBBF26C1AA8600C90066 /* NotificationCenter */,
				1257BBBD26C1AA0F00C90066 /* Singleton */,
			);
			path = "lesson-1";
			sourceTree = "<group>";
		};
		1257BBBD26C1AA0F00C90066 /* Singleton */ = {
			isa = PBXGroup;
			children = (
				1257BBBE26C1AA1000C90066 /* SendViewController.swift */,
				1257BBBB26C1A4C800C90066 /* DetailViewController.swift */,
				1257BBC926C590AA00C90066 /* Account.swift */,
			);
			path = Singleton;
			sourceTree = "<group>";
		};
		1257BBBF26C1AA8600C90066 /* NotificationCenter */ = {
			isa = PBXGroup;
			children = (
				1257BBC026C1AAA400C90066 /* NotificationCenterViewController.swift */,
			);
			path = NotificationCenter;
			sourceTree = "<group>";
		};
		1257BBC226C58E0A00C90066 /* Delegate */ = {
			isa = PBXGroup;
			children = (
				1257BBC326C58EA200C90066 /* ChooseFruitViewController.swift */,
				1257BBC726C58F2D00C90066 /* DisplayFruitsTableController.swift */,
			);
			path = Delegate;
			sourceTree = "<group>";
		};
		1257BBCB26C594D300C90066 /* lesson-2 */ = {
			isa = PBXGroup;
			children = (
				1257BBCC26C5987F00C90066 /* NetworkingViewController.swift */,
			);
			path = "lesson-2";
			sourceTree = "<group>";
		};
		1257BBCE26C5A19500C90066 /* vk-api */ = {
			isa = PBXGroup;
			children = (
				1244B61F26CAD70F00CA7360 /* Extension */,
				1257BBD326C5A2F200C90066 /* Modules */,
				1257BBCF26C5A1FB00C90066 /* Service */,
				1244B62226CAD8FC00CA7360 /* Models */,
			);
			path = "vk-api";
			sourceTree = "<group>";
		};
		1257BBCF26C5A1FB00C90066 /* Service */ = {
			isa = PBXGroup;
			children = (
				1244B62926CAE68300CA7360 /* GroupsAPI.swift */,
				1257BBDA26C5A86600C90066 /* FriendsAPI.swift */,
				1257BBD026C5A2B400C90066 /* Session.swift */,
				1244B62B26CAE69800CA7360 /* PhotosAPI.swift */,
			);
			path = Service;
			sourceTree = "<group>";
		};
		1257BBD326C5A2F200C90066 /* Modules */ = {
			isa = PBXGroup;
			children = (
				1257BBD426C5A2FE00C90066 /* Auth */,
				1257BBD526C5A30400C90066 /* Display Friends */,
			);
			path = Modules;
			sourceTree = "<group>";
		};
		1257BBD426C5A2FE00C90066 /* Auth */ = {
			isa = PBXGroup;
			children = (
				1257BBD626C5A32500C90066 /* AuthViewController.swift */,
			);
			path = Auth;
			sourceTree = "<group>";
		};
		1257BBD526C5A30400C90066 /* Display Friends */ = {
			isa = PBXGroup;
			children = (
				1257BBD826C5A34200C90066 /* DisplayFriendsViewController.swift */,
			);
			path = "Display Friends";
			sourceTree = "<group>";
		};
		31C10C2DA8CD7511F4B8CBFC /* Frameworks */ = {
			isa = PBXGroup;
			children = (
				B4EBAE5AD55008553ECACA92 /* Pods_client_server_1436.framework */,
			);
			name = Frameworks;
			sourceTree = "<group>";
		};
		5DA0E050F87AB876C8421821 /* Pods */ = {
			isa = PBXGroup;
			children = (
				803141B3633E10DBD1C4BFA1 /* Pods-client-server-1436.debug.xcconfig */,
				F756D822FB9BD0D14AFAEDAA /* Pods-client-server-1436.release.xcconfig */,
			);
			path = Pods;
			sourceTree = "<group>";
		};
/* End PBXGroup section */

/* Begin PBXNativeTarget section */
		1257BB9E26C19FAE00C90066 /* client-server-1436 */ = {
			isa = PBXNativeTarget;
			buildConfigurationList = 1257BBB326C19FB000C90066 /* Build configuration list for PBXNativeTarget "client-server-1436" */;
			buildPhases = (
				C732851F8019F65425669A70 /* [CP] Check Pods Manifest.lock */,
				1257BB9B26C19FAE00C90066 /* Sources */,
				1257BB9C26C19FAE00C90066 /* Frameworks */,
				1257BB9D26C19FAE00C90066 /* Resources */,
				06ED86D34B8EF103EED43B49 /* [CP] Embed Pods Frameworks */,
			);
			buildRules = (
			);
			dependencies = (
			);
			name = "client-server-1436";
			productName = "client-server-1436";
			productReference = 1257BB9F26C19FAE00C90066 /* client-server-1436.app */;
			productType = "com.apple.product-type.application";
		};
/* End PBXNativeTarget section */

/* Begin PBXProject section */
		1257BB9726C19FAE00C90066 /* Project object */ = {
			isa = PBXProject;
			attributes = {
				LastSwiftUpdateCheck = 1250;
				LastUpgradeCheck = 1250;
				TargetAttributes = {
					1257BB9E26C19FAE00C90066 = {
						CreatedOnToolsVersion = 12.5;
					};
				};
			};
			buildConfigurationList = 1257BB9A26C19FAE00C90066 /* Build configuration list for PBXProject "client-server-1436" */;
			compatibilityVersion = "Xcode 9.3";
			developmentRegion = en;
			hasScannedForEncodings = 0;
			knownRegions = (
				en,
				Base,
			);
			mainGroup = 1257BB9626C19FAE00C90066;
			productRefGroup = 1257BBA026C19FAE00C90066 /* Products */;
			projectDirPath = "";
			projectRoot = "";
			targets = (
				1257BB9E26C19FAE00C90066 /* client-server-1436 */,
			);
		};
/* End PBXProject section */

/* Begin PBXResourcesBuildPhase section */
		1257BB9D26C19FAE00C90066 /* Resources */ = {
			isa = PBXResourcesBuildPhase;
			buildActionMask = 2147483647;
			files = (
				1257BBAF26C19FB000C90066 /* LaunchScreen.storyboard in Resources */,
				1257BBAC26C19FB000C90066 /* Assets.xcassets in Resources */,
				1257BBAA26C19FAE00C90066 /* Main.storyboard in Resources */,
			);
			runOnlyForDeploymentPostprocessing = 0;
		};
/* End PBXResourcesBuildPhase section */

/* Begin PBXShellScriptBuildPhase section */
		06ED86D34B8EF103EED43B49 /* [CP] Embed Pods Frameworks */ = {
			isa = PBXShellScriptBuildPhase;
			buildActionMask = 2147483647;
			files = (
			);
			inputFileListPaths = (
				"${PODS_ROOT}/Target Support Files/Pods-client-server-1436/Pods-client-server-1436-frameworks-${CONFIGURATION}-input-files.xcfilelist",
			);
			name = "[CP] Embed Pods Frameworks";
			outputFileListPaths = (
				"${PODS_ROOT}/Target Support Files/Pods-client-server-1436/Pods-client-server-1436-frameworks-${CONFIGURATION}-output-files.xcfilelist",
			);
			runOnlyForDeploymentPostprocessing = 0;
			shellPath = /bin/sh;
			shellScript = "\"${PODS_ROOT}/Target Support Files/Pods-client-server-1436/Pods-client-server-1436-frameworks.sh\"\n";
			showEnvVarsInLog = 0;
		};
		C732851F8019F65425669A70 /* [CP] Check Pods Manifest.lock */ = {
			isa = PBXShellScriptBuildPhase;
			buildActionMask = 2147483647;
			files = (
			);
			inputFileListPaths = (
			);
			inputPaths = (
				"${PODS_PODFILE_DIR_PATH}/Podfile.lock",
				"${PODS_ROOT}/Manifest.lock",
			);
			name = "[CP] Check Pods Manifest.lock";
			outputFileListPaths = (
			);
			outputPaths = (
				"$(DERIVED_FILE_DIR)/Pods-client-server-1436-checkManifestLockResult.txt",
			);
			runOnlyForDeploymentPostprocessing = 0;
			shellPath = /bin/sh;
			shellScript = "diff \"${PODS_PODFILE_DIR_PATH}/Podfile.lock\" \"${PODS_ROOT}/Manifest.lock\" > /dev/null\nif [ $? != 0 ] ; then\n    # print error to STDERR\n    echo \"error: The sandbox is not in sync with the Podfile.lock. Run 'pod install' or update your CocoaPods installation.\" >&2\n    exit 1\nfi\n# This output is used by Xcode 'outputs' to avoid re-running this script phase.\necho \"SUCCESS\" > \"${SCRIPT_OUTPUT_FILE_0}\"\n";
			showEnvVarsInLog = 0;
		};
/* End PBXShellScriptBuildPhase section */

/* Begin PBXSourcesBuildPhase section */
		1257BB9B26C19FAE00C90066 /* Sources */ = {
			isa = PBXSourcesBuildPhase;
			buildActionMask = 2147483647;
			files = (
				1257BBD726C5A32500C90066 /* AuthViewController.swift in Sources */,
				1257BBD126C5A2B400C90066 /* Session.swift in Sources */,
				1257BBC126C1AAA400C90066 /* NotificationCenterViewController.swift in Sources */,
				1244B62626CAE31D00CA7360 /* FriendManual.swift in Sources */,
				1244B62126CAD74D00CA7360 /* Data+PrettyJSON.swift in Sources */,
				1244B66A26CED79800CA7360 /* Human+CoreDataProperties.swift in Sources */,
				1257BBA726C19FAE00C90066 /* ViewController.swift in Sources */,
				1257BBCD26C5987F00C90066 /* NetworkingViewController.swift in Sources */,
				1257BBC426C58EA200C90066 /* ChooseFruitViewController.swift in Sources */,
				1257BBC826C58F2D00C90066 /* DisplayFruitsTableController.swift in Sources */,
				1244B66926CED79800CA7360 /* Human+CoreDataClass.swift in Sources */,
				1244B62C26CAE69800CA7360 /* PhotosAPI.swift in Sources */,
				1257BBBC26C1A4C800C90066 /* DetailViewController.swift in Sources */,
				1244B66526CED6F700CA7360 /* coredatastack.xcdatamodeld in Sources */,
				1257BBCA26C590AA00C90066 /* Account.swift in Sources */,
				1257BBD926C5A34200C90066 /* DisplayFriendsViewController.swift in Sources */,
				1244B62A26CAE68300CA7360 /* GroupsAPI.swift in Sources */,
				1257BBA326C19FAE00C90066 /* AppDelegate.swift in Sources */,
				1257BBA526C19FAE00C90066 /* SceneDelegate.swift in Sources */,
				1244B63F26CED4B300CA7360 /* User.swift in Sources */,
				1244B62826CAE62D00CA7360 /* FriendDynamic.swift in Sources */,
				1244B62426CAD94100CA7360 /* Friend.swift in Sources */,
				1244B63D26CECB3000CA7360 /* PersistencyViewController.swift in Sources */,
				1257BBDB26C5A86600C90066 /* FriendsAPI.swift in Sources */,
			);
			runOnlyForDeploymentPostprocessing = 0;
		};
/* End PBXSourcesBuildPhase section */

/* Begin PBXVariantGroup section */
		1257BBA826C19FAE00C90066 /* Main.storyboard */ = {
			isa = PBXVariantGroup;
			children = (
				1257BBA926C19FAE00C90066 /* Base */,
			);
			name = Main.storyboard;
			sourceTree = "<group>";
		};
		1257BBAD26C19FB000C90066 /* LaunchScreen.storyboard */ = {
			isa = PBXVariantGroup;
			children = (
				1257BBAE26C19FB000C90066 /* Base */,
			);
			name = LaunchScreen.storyboard;
			sourceTree = "<group>";
		};
/* End PBXVariantGroup section */

/* Begin XCBuildConfiguration section */
		1257BBB126C19FB000C90066 /* Debug */ = {
			isa = XCBuildConfiguration;
			buildSettings = {
				ALWAYS_SEARCH_USER_PATHS = NO;
				CLANG_ANALYZER_NONNULL = YES;
				CLANG_ANALYZER_NUMBER_OBJECT_CONVERSION = YES_AGGRESSIVE;
				CLANG_CXX_LANGUAGE_STANDARD = "gnu++14";
				CLANG_CXX_LIBRARY = "libc++";
				CLANG_ENABLE_MODULES = YES;
				CLANG_ENABLE_OBJC_ARC = YES;
				CLANG_ENABLE_OBJC_WEAK = YES;
				CLANG_WARN_BLOCK_CAPTURE_AUTORELEASING = YES;
				CLANG_WARN_BOOL_CONVERSION = YES;
				CLANG_WARN_COMMA = YES;
				CLANG_WARN_CONSTANT_CONVERSION = YES;
				CLANG_WARN_DEPRECATED_OBJC_IMPLEMENTATIONS = YES;
				CLANG_WARN_DIRECT_OBJC_ISA_USAGE = YES_ERROR;
				CLANG_WARN_DOCUMENTATION_COMMENTS = YES;
				CLANG_WARN_EMPTY_BODY = YES;
				CLANG_WARN_ENUM_CONVERSION = YES;
				CLANG_WARN_INFINITE_RECURSION = YES;
				CLANG_WARN_INT_CONVERSION = YES;
				CLANG_WARN_NON_LITERAL_NULL_CONVERSION = YES;
				CLANG_WARN_OBJC_IMPLICIT_RETAIN_SELF = YES;
				CLANG_WARN_OBJC_LITERAL_CONVERSION = YES;
				CLANG_WARN_OBJC_ROOT_CLASS = YES_ERROR;
				CLANG_WARN_QUOTED_INCLUDE_IN_FRAMEWORK_HEADER = YES;
				CLANG_WARN_RANGE_LOOP_ANALYSIS = YES;
				CLANG_WARN_STRICT_PROTOTYPES = YES;
				CLANG_WARN_SUSPICIOUS_MOVE = YES;
				CLANG_WARN_UNGUARDED_AVAILABILITY = YES_AGGRESSIVE;
				CLANG_WARN_UNREACHABLE_CODE = YES;
				CLANG_WARN__DUPLICATE_METHOD_MATCH = YES;
				COPY_PHASE_STRIP = NO;
				DEBUG_INFORMATION_FORMAT = dwarf;
				ENABLE_STRICT_OBJC_MSGSEND = YES;
				ENABLE_TESTABILITY = YES;
				GCC_C_LANGUAGE_STANDARD = gnu11;
				GCC_DYNAMIC_NO_PIC = NO;
				GCC_NO_COMMON_BLOCKS = YES;
				GCC_OPTIMIZATION_LEVEL = 0;
				GCC_PREPROCESSOR_DEFINITIONS = (
					"DEBUG=1",
					"$(inherited)",
				);
				GCC_WARN_64_TO_32_BIT_CONVERSION = YES;
				GCC_WARN_ABOUT_RETURN_TYPE = YES_ERROR;
				GCC_WARN_UNDECLARED_SELECTOR = YES;
				GCC_WARN_UNINITIALIZED_AUTOS = YES_AGGRESSIVE;
				GCC_WARN_UNUSED_FUNCTION = YES;
				GCC_WARN_UNUSED_VARIABLE = YES;
				IPHONEOS_DEPLOYMENT_TARGET = 14.5;
				MTL_ENABLE_DEBUG_INFO = INCLUDE_SOURCE;
				MTL_FAST_MATH = YES;
				ONLY_ACTIVE_ARCH = YES;
				SDKROOT = iphoneos;
				SWIFT_ACTIVE_COMPILATION_CONDITIONS = DEBUG;
				SWIFT_OPTIMIZATION_LEVEL = "-Onone";
			};
			name = Debug;
		};
		1257BBB226C19FB000C90066 /* Release */ = {
			isa = XCBuildConfiguration;
			buildSettings = {
				ALWAYS_SEARCH_USER_PATHS = NO;
				CLANG_ANALYZER_NONNULL = YES;
				CLANG_ANALYZER_NUMBER_OBJECT_CONVERSION = YES_AGGRESSIVE;
				CLANG_CXX_LANGUAGE_STANDARD = "gnu++14";
				CLANG_CXX_LIBRARY = "libc++";
				CLANG_ENABLE_MODULES = YES;
				CLANG_ENABLE_OBJC_ARC = YES;
				CLANG_ENABLE_OBJC_WEAK = YES;
				CLANG_WARN_BLOCK_CAPTURE_AUTORELEASING = YES;
				CLANG_WARN_BOOL_CONVERSION = YES;
				CLANG_WARN_COMMA = YES;
				CLANG_WARN_CONSTANT_CONVERSION = YES;
				CLANG_WARN_DEPRECATED_OBJC_IMPLEMENTATIONS = YES;
				CLANG_WARN_DIRECT_OBJC_ISA_USAGE = YES_ERROR;
				CLANG_WARN_DOCUMENTATION_COMMENTS = YES;
				CLANG_WARN_EMPTY_BODY = YES;
				CLANG_WARN_ENUM_CONVERSION = YES;
				CLANG_WARN_INFINITE_RECURSION = YES;
				CLANG_WARN_INT_CONVERSION = YES;
				CLANG_WARN_NON_LITERAL_NULL_CONVERSION = YES;
				CLANG_WARN_OBJC_IMPLICIT_RETAIN_SELF = YES;
				CLANG_WARN_OBJC_LITERAL_CONVERSION = YES;
				CLANG_WARN_OBJC_ROOT_CLASS = YES_ERROR;
				CLANG_WARN_QUOTED_INCLUDE_IN_FRAMEWORK_HEADER = YES;
				CLANG_WARN_RANGE_LOOP_ANALYSIS = YES;
				CLANG_WARN_STRICT_PROTOTYPES = YES;
				CLANG_WARN_SUSPICIOUS_MOVE = YES;
				CLANG_WARN_UNGUARDED_AVAILABILITY = YES_AGGRESSIVE;
				CLANG_WARN_UNREACHABLE_CODE = YES;
				CLANG_WARN__DUPLICATE_METHOD_MATCH = YES;
				COPY_PHASE_STRIP = NO;
				DEBUG_INFORMATION_FORMAT = "dwarf-with-dsym";
				ENABLE_NS_ASSERTIONS = NO;
				ENABLE_STRICT_OBJC_MSGSEND = YES;
				GCC_C_LANGUAGE_STANDARD = gnu11;
				GCC_NO_COMMON_BLOCKS = YES;
				GCC_WARN_64_TO_32_BIT_CONVERSION = YES;
				GCC_WARN_ABOUT_RETURN_TYPE = YES_ERROR;
				GCC_WARN_UNDECLARED_SELECTOR = YES;
				GCC_WARN_UNINITIALIZED_AUTOS = YES_AGGRESSIVE;
				GCC_WARN_UNUSED_FUNCTION = YES;
				GCC_WARN_UNUSED_VARIABLE = YES;
				IPHONEOS_DEPLOYMENT_TARGET = 14.5;
				MTL_ENABLE_DEBUG_INFO = NO;
				MTL_FAST_MATH = YES;
				SDKROOT = iphoneos;
				SWIFT_COMPILATION_MODE = wholemodule;
				SWIFT_OPTIMIZATION_LEVEL = "-O";
				VALIDATE_PRODUCT = YES;
			};
			name = Release;
		};
		1257BBB426C19FB000C90066 /* Debug */ = {
			isa = XCBuildConfiguration;
			baseConfigurationReference = 803141B3633E10DBD1C4BFA1 /* Pods-client-server-1436.debug.xcconfig */;
			buildSettings = {
				ASSETCATALOG_COMPILER_APPICON_NAME = AppIcon;
				ASSETCATALOG_COMPILER_GLOBAL_ACCENT_COLOR_NAME = AccentColor;
				CODE_SIGN_STYLE = Automatic;
				DEVELOPMENT_TEAM = 77XX2PXRV7;
				INFOPLIST_FILE = "client-server-1436/Resources/Info.plist";
				LD_RUNPATH_SEARCH_PATHS = (
					"$(inherited)",
					"@executable_path/Frameworks",
				);
				PRODUCT_BUNDLE_IDENTIFIER = "com.gb.client-server-1436";
				PRODUCT_NAME = "$(TARGET_NAME)";
				SWIFT_VERSION = 5.0;
				TARGETED_DEVICE_FAMILY = "1,2";
			};
			name = Debug;
		};
		1257BBB526C19FB000C90066 /* Release */ = {
			isa = XCBuildConfiguration;
			baseConfigurationReference = F756D822FB9BD0D14AFAEDAA /* Pods-client-server-1436.release.xcconfig */;
			buildSettings = {
				ASSETCATALOG_COMPILER_APPICON_NAME = AppIcon;
				ASSETCATALOG_COMPILER_GLOBAL_ACCENT_COLOR_NAME = AccentColor;
				CODE_SIGN_STYLE = Automatic;
				DEVELOPMENT_TEAM = 77XX2PXRV7;
				INFOPLIST_FILE = "client-server-1436/Resources/Info.plist";
				LD_RUNPATH_SEARCH_PATHS = (
					"$(inherited)",
					"@executable_path/Frameworks",
				);
				PRODUCT_BUNDLE_IDENTIFIER = "com.gb.client-server-1436";
				PRODUCT_NAME = "$(TARGET_NAME)";
				SWIFT_VERSION = 5.0;
				TARGETED_DEVICE_FAMILY = "1,2";
			};
			name = Release;
		};
/* End XCBuildConfiguration section */

/* Begin XCConfigurationList section */
		1257BB9A26C19FAE00C90066 /* Build configuration list for PBXProject "client-server-1436" */ = {
			isa = XCConfigurationList;
			buildConfigurations = (
				1257BBB126C19FB000C90066 /* Debug */,
				1257BBB226C19FB000C90066 /* Release */,
			);
			defaultConfigurationIsVisible = 0;
			defaultConfigurationName = Release;
		};
		1257BBB326C19FB000C90066 /* Build configuration list for PBXNativeTarget "client-server-1436" */ = {
			isa = XCConfigurationList;
			buildConfigurations = (
				1257BBB426C19FB000C90066 /* Debug */,
				1257BBB526C19FB000C90066 /* Release */,
			);
			defaultConfigurationIsVisible = 0;
			defaultConfigurationName = Release;
		};
/* End XCConfigurationList section */

/* Begin XCVersionGroup section */
		1244B66326CED6F700CA7360 /* coredatastack.xcdatamodeld */ = {
			isa = XCVersionGroup;
			children = (
				1244B66426CED6F700CA7360 /* coredatastack.xcdatamodel */,
			);
			currentVersion = 1244B66426CED6F700CA7360 /* coredatastack.xcdatamodel */;
			path = coredatastack.xcdatamodeld;
			sourceTree = "<group>";
			versionGroupType = wrapper.xcdatamodel;
		};
/* End XCVersionGroup section */
	};
	rootObject = 1257BB9726C19FAE00C90066 /* Project object */;
}
